
Microsoft Visual Studio Solution File, Format Version 12.00
# Visual Studio Version 16
VisualStudioVersion = 16.0.30413.8
MinimumVisualStudioVersion = 10.0.40219.1
Project("{FAE04EC0-301F-11D3-BF4B-00C04F79EFBC}") = "ComponentDiagnostics", "ComponentDiagnostics.csproj", "{6848F5D0-54AE-4702-87EE-2BDFE0D714E2}"
EndProject
Project("{2150E333-8FDC-42A3-9474-1A3956D46DE8}") = "Solution Items", "Solution Items", "{987F17D6-CDCC-4A5F-A73B-4329E792DF0A}"
	ProjectSection(SolutionItems) = preProject
		..\.editorconfig = ..\.editorconfig
		..\CHANGELOG.md = ..\CHANGELOG.md
		..\LICENSE = ..\LICENSE
		..\README.md = ..\README.md
	EndProjectSection
EndProject
Project("{2150E333-8FDC-42A3-9474-1A3956D46DE8}") = "marketplace", "marketplace", "{0D572063-5EBB-49C6-A248-6FAD0F651423}"
EndProject
Project("{2150E333-8FDC-42A3-9474-1A3956D46DE8}") = "images", "images", "{90291F41-8D7B-4EB7-BC3F-FF857F382886}"
	ProjectSection(SolutionItems) = preProject
		..\marketplace\images\Screenshot_Toolwindow.png = ..\marketplace\images\Screenshot_Toolwindow.png
	EndProjectSection
EndProject
Global
	GlobalSection(SolutionConfigurationPlatforms) = preSolution
		Debug|Any CPU = Debug|Any CPU
		Release|Any CPU = Release|Any CPU
	EndGlobalSection
	GlobalSection(ProjectConfigurationPlatforms) = postSolution
		{6848F5D0-54AE-4702-87EE-2BDFE0D714E2}.Debug|Any CPU.ActiveCfg = Debug|Any CPU
		{6848F5D0-54AE-4702-87EE-2BDFE0D714E2}.Debug|Any CPU.Build.0 = Debug|Any CPU
		{6848F5D0-54AE-4702-87EE-2BDFE0D714E2}.Release|Any CPU.ActiveCfg = Release|Any CPU
		{6848F5D0-54AE-4702-87EE-2BDFE0D714E2}.Release|Any CPU.Build.0 = Release|Any CPU
	EndGlobalSection
	GlobalSection(SolutionProperties) = preSolution
		HideSolutionNode = FALSE
	EndGlobalSection
	GlobalSection(NestedProjects) = preSolution
		{90291F41-8D7B-4EB7-BC3F-FF857F382886} = {0D572063-5EBB-49C6-A248-6FAD0F651423}
	EndGlobalSection
	GlobalSection(ExtensibilityGlobals) = postSolution
		SolutionGuid = {70D2DBAD-69F6-4687-9368-DC5BA6B5CF45}
	EndGlobalSection
EndGlobal
